
Microsoft Visual Studio Solution File, Format Version 12.00
# Visual Studio Version 16
VisualStudioVersion = 16.0.30523.141
MinimumVisualStudioVersion = 10.0.40219.1
Project("{FAE04EC0-301F-11D3-BF4B-00C04F79EFBC}") = "Site", "Site\Site.csproj", "{0CEF58C1-F4ED-4201-B7D1-EC4AA4665BB3}"
EndProject
Project("{FAE04EC0-301F-11D3-BF4B-00C04F79EFBC}") = "AdminMobileQuizOverWifi", "AdminMobileQuizOverWifi\AdminMobileQuizOverWifi.csproj", "{9C54F382-1412-4D28-A10D-E824723386F4}"
EndProject
Global
	GlobalSection(SolutionConfigurationPlatforms) = preSolution
		Debug|Any CPU = Debug|Any CPU
		Release|Any CPU = Release|Any CPU
	EndGlobalSection
	GlobalSection(ProjectConfigurationPlatforms) = postSolution
		{0CEF58C1-F4ED-4201-B7D1-EC4AA4665BB3}.Debug|Any CPU.ActiveCfg = Debug|Any CPU
		{0CEF58C1-F4ED-4201-B7D1-EC4AA4665BB3}.Debug|Any CPU.Build.0 = Debug|Any CPU
		{0CEF58C1-F4ED-4201-B7D1-EC4AA4665BB3}.Release|Any CPU.ActiveCfg = Release|Any CPU
		{0CEF58C1-F4ED-4201-B7D1-EC4AA4665BB3}.Release|Any CPU.Build.0 = Release|Any CPU
		{9C54F382-1412-4D28-A10D-E824723386F4}.Debug|Any CPU.ActiveCfg = Debug|Any CPU
		{9C54F382-1412-4D28-A10D-E824723386F4}.Debug|Any CPU.Build.0 = Debug|Any CPU
		{9C54F382-1412-4D28-A10D-E824723386F4}.Release|Any CPU.ActiveCfg = Release|Any CPU
		{9C54F382-1412-4D28-A10D-E824723386F4}.Release|Any CPU.Build.0 = Release|Any CPU
	EndGlobalSection
	GlobalSection(SolutionProperties) = preSolution
		HideSolutionNode = FALSE
	EndGlobalSection
	GlobalSection(ExtensibilityGlobals) = postSolution
		SolutionGuid = {CD97D67F-32A1-42F3-B29E-46DEAEE5B013}
	EndGlobalSection
EndGlobal
